
Microsoft Visual Studio Solution File, Format Version 12.00
# Visual Studio Version 17
VisualStudioVersion = 17.3.32929.385
MinimumVisualStudioVersion = 10.0.40219.1
Project("{FAE04EC0-301F-11D3-BF4B-00C04F79EFBC}") = "Task23", "Task23.csproj", "{DAEFA828-46A7-4B91-8FC4-5D1F23A64D11}"
EndProject
Global
	GlobalSection(SolutionConfigurationPlatforms) = preSolution
		Debug|Any CPU = Debug|Any CPU
		Release|Any CPU = Release|Any CPU
	EndGlobalSection
	GlobalSection(ProjectConfigurationPlatforms) = postSolution
		{DAEFA828-46A7-4B91-8FC4-5D1F23A64D11}.Debug|Any CPU.ActiveCfg = Debug|Any CPU
		{DAEFA828-46A7-4B91-8FC4-5D1F23A64D11}.Debug|Any CPU.Build.0 = Debug|Any CPU
		{DAEFA828-46A7-4B91-8FC4-5D1F23A64D11}.Release|Any CPU.ActiveCfg = Release|Any CPU
		{DAEFA828-46A7-4B91-8FC4-5D1F23A64D11}.Release|Any CPU.Build.0 = Release|Any CPU
	EndGlobalSection
	GlobalSection(SolutionProperties) = preSolution
		HideSolutionNode = FALSE
	EndGlobalSection
	GlobalSection(ExtensibilityGlobals) = postSolution
		SolutionGuid = {D4A8CDE4-2C4C-4485-B420-8399EBC96C16}
	EndGlobalSection
EndGlobal
